
Microsoft Visual Studio Solution File, Format Version 12.00
# Visual Studio Version 17
VisualStudioVersion = 17.14.36518.9 d17.14
MinimumVisualStudioVersion = 10.0.40219.1
Project("{888888A0-9F3D-457C-B088-3A5042F75D52}") = "RedShifters", "RedShifters\RedShifters.pyproj", "{49C309DE-48A8-4CDB-A6EB-D7B28D40ABB0}"
EndProject
Global
	GlobalSection(SolutionConfigurationPlatforms) = preSolution
		Debug|Any CPU = Debug|Any CPU
		Release|Any CPU = Release|Any CPU
	EndGlobalSection
	GlobalSection(ProjectConfigurationPlatforms) = postSolution
		{49C309DE-48A8-4CDB-A6EB-D7B28D40ABB0}.Debug|Any CPU.ActiveCfg = Debug|Any CPU
		{49C309DE-48A8-4CDB-A6EB-D7B28D40ABB0}.Release|Any CPU.ActiveCfg = Release|Any CPU
	EndGlobalSection
	GlobalSection(SolutionProperties) = preSolution
		HideSolutionNode = FALSE
	EndGlobalSection
	GlobalSection(ExtensibilityGlobals) = postSolution
		SolutionGuid = {C10A7D71-26F4-4DA9-8785-A4AD73CAD32F}
	EndGlobalSection
EndGlobal
